
Microsoft Visual Studio Solution File, Format Version 12.00
# Visual Studio Version 16
VisualStudioVersion = 16.0.29230.47
MinimumVisualStudioVersion = 10.0.40219.1
Project("{FAE04EC0-301F-11D3-BF4B-00C04F79EFBC}") = "Intro CSharp", "Intro CSharp\Intro CSharp.csproj", "{608DE923-3FA1-4C65-8ABB-B73E6DE15B99}"
EndProject
Project("{FAE04EC0-301F-11D3-BF4B-00C04F79EFBC}") = "Intro OO", "Intro OO\Intro OO.csproj", "{EF023B2A-6480-4775-A33E-F2247F1B4A83}"
EndProject
Project("{FAE04EC0-301F-11D3-BF4B-00C04F79EFBC}") = "Heritage", "Heritage\Heritage.csproj", "{9DEBA950-2315-4E48-ADA7-DA0C391D0607}"
EndProject
Project("{FAE04EC0-301F-11D3-BF4B-00C04F79EFBC}") = "Exceptions", "Exceptions\Exceptions.csproj", "{CCEDE9D6-7C2F-4CBE-AFF9-97C095DFB0FC}"
EndProject
Global
	GlobalSection(SolutionConfigurationPlatforms) = preSolution
		Debug|Any CPU = Debug|Any CPU
		Release|Any CPU = Release|Any CPU
	EndGlobalSection
	GlobalSection(ProjectConfigurationPlatforms) = postSolution
		{608DE923-3FA1-4C65-8ABB-B73E6DE15B99}.Debug|Any CPU.ActiveCfg = Debug|Any CPU
		{608DE923-3FA1-4C65-8ABB-B73E6DE15B99}.Debug|Any CPU.Build.0 = Debug|Any CPU
		{608DE923-3FA1-4C65-8ABB-B73E6DE15B99}.Release|Any CPU.ActiveCfg = Release|Any CPU
		{608DE923-3FA1-4C65-8ABB-B73E6DE15B99}.Release|Any CPU.Build.0 = Release|Any CPU
		{EF023B2A-6480-4775-A33E-F2247F1B4A83}.Debug|Any CPU.ActiveCfg = Debug|Any CPU
		{EF023B2A-6480-4775-A33E-F2247F1B4A83}.Debug|Any CPU.Build.0 = Debug|Any CPU
		{EF023B2A-6480-4775-A33E-F2247F1B4A83}.Release|Any CPU.ActiveCfg = Release|Any CPU
		{EF023B2A-6480-4775-A33E-F2247F1B4A83}.Release|Any CPU.Build.0 = Release|Any CPU
		{9DEBA950-2315-4E48-ADA7-DA0C391D0607}.Debug|Any CPU.ActiveCfg = Debug|Any CPU
		{9DEBA950-2315-4E48-ADA7-DA0C391D0607}.Debug|Any CPU.Build.0 = Debug|Any CPU
		{9DEBA950-2315-4E48-ADA7-DA0C391D0607}.Release|Any CPU.ActiveCfg = Release|Any CPU
		{9DEBA950-2315-4E48-ADA7-DA0C391D0607}.Release|Any CPU.Build.0 = Release|Any CPU
		{CCEDE9D6-7C2F-4CBE-AFF9-97C095DFB0FC}.Debug|Any CPU.ActiveCfg = Debug|Any CPU
		{CCEDE9D6-7C2F-4CBE-AFF9-97C095DFB0FC}.Debug|Any CPU.Build.0 = Debug|Any CPU
		{CCEDE9D6-7C2F-4CBE-AFF9-97C095DFB0FC}.Release|Any CPU.ActiveCfg = Release|Any CPU
		{CCEDE9D6-7C2F-4CBE-AFF9-97C095DFB0FC}.Release|Any CPU.Build.0 = Release|Any CPU
	EndGlobalSection
	GlobalSection(SolutionProperties) = preSolution
		HideSolutionNode = FALSE
	EndGlobalSection
	GlobalSection(ExtensibilityGlobals) = postSolution
		SolutionGuid = {4EC02E18-6AAE-42E8-9BEE-90696893F8B3}
	EndGlobalSection
EndGlobal
